
Microsoft Visual Studio Solution File, Format Version 12.00
# Visual Studio Version 17
VisualStudioVersion = 17.0.31903.59
MinimumVisualStudioVersion = 10.0.40219.1
Project("{FAE04EC0-301F-11D3-BF4B-00C04F79EFBC}") = "Chasing.Router.Api", "Chasing.Router.Api\Chasing.Router.Api.csproj", "{182CA647-9D77-4DD1-8AAA-7233391AB063}"
EndProject
Project("{FAE04EC0-301F-11D3-BF4B-00C04F79EFBC}") = "Chasing.Router.Domain", "Chasing.Router.Domain\Chasing.Router.Domain.csproj", "{BD54565E-6F5A-4393-9F7A-04C481719B85}"
EndProject
Project("{2150E333-8FDC-42A3-9474-1A3956D46DE8}") = "tests", "tests", "{D4D0DA66-EFAF-406B-8E37-AE0A77E87E28}"
EndProject
Project("{FAE04EC0-301F-11D3-BF4B-00C04F79EFBC}") = "Chasing.Router.Api.Domain.Tests", "tests\Chasing.Router.Api.Domain.Tests\Chasing.Router.Api.Domain.Tests.csproj", "{58D41BEA-98F9-4B32-A4F3-0B8504A4110F}"
EndProject
Global
	GlobalSection(SolutionConfigurationPlatforms) = preSolution
		Debug|Any CPU = Debug|Any CPU
		Release|Any CPU = Release|Any CPU
	EndGlobalSection
	GlobalSection(SolutionProperties) = preSolution
		HideSolutionNode = FALSE
	EndGlobalSection
	GlobalSection(ProjectConfigurationPlatforms) = postSolution
		{182CA647-9D77-4DD1-8AAA-7233391AB063}.Debug|Any CPU.ActiveCfg = Debug|Any CPU
		{182CA647-9D77-4DD1-8AAA-7233391AB063}.Debug|Any CPU.Build.0 = Debug|Any CPU
		{182CA647-9D77-4DD1-8AAA-7233391AB063}.Release|Any CPU.ActiveCfg = Release|Any CPU
		{182CA647-9D77-4DD1-8AAA-7233391AB063}.Release|Any CPU.Build.0 = Release|Any CPU
		{BD54565E-6F5A-4393-9F7A-04C481719B85}.Debug|Any CPU.ActiveCfg = Debug|Any CPU
		{BD54565E-6F5A-4393-9F7A-04C481719B85}.Debug|Any CPU.Build.0 = Debug|Any CPU
		{BD54565E-6F5A-4393-9F7A-04C481719B85}.Release|Any CPU.ActiveCfg = Release|Any CPU
		{BD54565E-6F5A-4393-9F7A-04C481719B85}.Release|Any CPU.Build.0 = Release|Any CPU
		{58D41BEA-98F9-4B32-A4F3-0B8504A4110F}.Debug|Any CPU.ActiveCfg = Debug|Any CPU
		{58D41BEA-98F9-4B32-A4F3-0B8504A4110F}.Debug|Any CPU.Build.0 = Debug|Any CPU
		{58D41BEA-98F9-4B32-A4F3-0B8504A4110F}.Release|Any CPU.ActiveCfg = Release|Any CPU
		{58D41BEA-98F9-4B32-A4F3-0B8504A4110F}.Release|Any CPU.Build.0 = Release|Any CPU
	EndGlobalSection
	GlobalSection(NestedProjects) = preSolution
		{58D41BEA-98F9-4B32-A4F3-0B8504A4110F} = {D4D0DA66-EFAF-406B-8E37-AE0A77E87E28}
	EndGlobalSection
EndGlobal
